Microsoft Visual Studio Solution File, Format Version 12.00
# Visual Studio 2012
Project("{FAE04EC0-301F-11D3-BF4B-00C04F79EFBC}") = "Dark Adapters", "game\Dark Adapters.csproj", "{AE9797A0-3892-4AE3-8652-7C8C8048B29A}"
EndProject
Project("{FAE04EC0-301F-11D3-BF4B-00C04F79EFBC}") = "Dark Adapters Tests", "test\Dark Adapters Tests\Dark Adapters Tests.csproj", "{D587276A-487F-4B7C-91C0-743D13C88F69}"
EndProject
Global
	GlobalSection(SolutionConfigurationPlatforms) = preSolution
	Debug|Any CPU = Debug|Any CPU
	ExportDebug|Any CPU = ExportDebug|Any CPU
	ExportRelease|Any CPU = ExportRelease|Any CPU
	EndGlobalSection
	GlobalSection(ProjectConfigurationPlatforms) = postSolution
		{AE9797A0-3892-4AE3-8652-7C8C8048B29A}.Debug|Any CPU.ActiveCfg = Debug|Any CPU
		{AE9797A0-3892-4AE3-8652-7C8C8048B29A}.Debug|Any CPU.Build.0 = Debug|Any CPU
		{AE9797A0-3892-4AE3-8652-7C8C8048B29A}.ExportDebug|Any CPU.ActiveCfg = ExportDebug|Any CPU
		{AE9797A0-3892-4AE3-8652-7C8C8048B29A}.ExportDebug|Any CPU.Build.0 = ExportDebug|Any CPU
		{AE9797A0-3892-4AE3-8652-7C8C8048B29A}.ExportRelease|Any CPU.ActiveCfg = ExportRelease|Any CPU
		{AE9797A0-3892-4AE3-8652-7C8C8048B29A}.ExportRelease|Any CPU.Build.0 = ExportRelease|Any CPU
		{D587276A-487F-4B7C-91C0-743D13C88F69}.Debug|Any CPU.ActiveCfg = Debug|Any CPU
		{D587276A-487F-4B7C-91C0-743D13C88F69}.Debug|Any CPU.Build.0 = Debug|Any CPU
		{D587276A-487F-4B7C-91C0-743D13C88F69}.ExportDebug|Any CPU.ActiveCfg = Debug|Any CPU
		{D587276A-487F-4B7C-91C0-743D13C88F69}.ExportDebug|Any CPU.Build.0 = Debug|Any CPU
		{D587276A-487F-4B7C-91C0-743D13C88F69}.ExportRelease|Any CPU.ActiveCfg = Debug|Any CPU
		{D587276A-487F-4B7C-91C0-743D13C88F69}.ExportRelease|Any CPU.Build.0 = Debug|Any CPU
	EndGlobalSection
EndGlobal
